
Microsoft Visual Studio Solution File, Format Version 12.00
# Visual Studio Version 16
VisualStudioVersion = 16.0.30615.102
MinimumVisualStudioVersion = 10.0.40219.1
Project("{FAE04EC0-301F-11D3-BF4B-00C04F79EFBC}") = "Self-HostedWebAPI", "Self-HostedWebAPI\Self-HostedWebAPI.csproj", "{D7D084A5-1CB7-46D2-9FBA-DAA2D2CFB4ED}"
EndProject
Global
	GlobalSection(SolutionConfigurationPlatforms) = preSolution
		Debug|Any CPU = Debug|Any CPU
		Release|Any CPU = Release|Any CPU
	EndGlobalSection
	GlobalSection(ProjectConfigurationPlatforms) = postSolution
		{D7D084A5-1CB7-46D2-9FBA-DAA2D2CFB4ED}.Debug|Any CPU.ActiveCfg = Debug|Any CPU
		{D7D084A5-1CB7-46D2-9FBA-DAA2D2CFB4ED}.Debug|Any CPU.Build.0 = Debug|Any CPU
		{D7D084A5-1CB7-46D2-9FBA-DAA2D2CFB4ED}.Release|Any CPU.ActiveCfg = Release|Any CPU
		{D7D084A5-1CB7-46D2-9FBA-DAA2D2CFB4ED}.Release|Any CPU.Build.0 = Release|Any CPU
	EndGlobalSection
	GlobalSection(SolutionProperties) = preSolution
		HideSolutionNode = FALSE
	EndGlobalSection
	GlobalSection(ExtensibilityGlobals) = postSolution
		SolutionGuid = {50A1108C-977E-486F-AC91-1F32DC8969E3}
	EndGlobalSection
EndGlobal
